
Microsoft Visual Studio Solution File, Format Version 12.00
# Visual Studio Version 16
VisualStudioVersion = 16.0.30320.27
MinimumVisualStudioVersion = 10.0.40219.1
Project("{FAE04EC0-301F-11D3-BF4B-00C04F79EFBC}") = "EazRemoveTrial", "EazRemoveTrial\EazRemoveTrial.csproj", "{52A30665-FD93-405C-9299-B31F8627F762}"
EndProject
Global
	GlobalSection(SolutionConfigurationPlatforms) = preSolution
		Debug|Any CPU = Debug|Any CPU
		Release|Any CPU = Release|Any CPU
	EndGlobalSection
	GlobalSection(ProjectConfigurationPlatforms) = postSolution
		{52A30665-FD93-405C-9299-B31F8627F762}.Debug|Any CPU.ActiveCfg = Debug|Any CPU
		{52A30665-FD93-405C-9299-B31F8627F762}.Debug|Any CPU.Build.0 = Debug|Any CPU
		{52A30665-FD93-405C-9299-B31F8627F762}.Release|Any CPU.ActiveCfg = Release|Any CPU
		{52A30665-FD93-405C-9299-B31F8627F762}.Release|Any CPU.Build.0 = Release|Any CPU
	EndGlobalSection
	GlobalSection(SolutionProperties) = preSolution
		HideSolutionNode = FALSE
	EndGlobalSection
	GlobalSection(ExtensibilityGlobals) = postSolution
		SolutionGuid = {41809C68-D326-472A-9948-20F0B17AE45D}
	EndGlobalSection
EndGlobal
